// !$*UTF8*$!
{
	archiveVersion = 1;
	classes = {
	};
	objectVersion = 46;
	objects = {

/* Begin PBXBuildFile section */
		040525AE188F903100BE3172 /* TODOs in Resources */ = {isa = PBXBuildFile; fileRef = 040525AD188F903100BE3172 /* TODOs */; };
		040525B4188F933300BE3172 /* DCMUtils.m in Sources */ = {isa = PBXBuildFile; fileRef = 040525B3188F933300BE3172 /* DCMUtils.m */; };
		0410462F18B00BC1009BEE3F /* DCMFlashDisplayView.m in Sources */ = {isa = PBXBuildFile; fileRef = 0410462E18B00BC1009BEE3F /* DCMFlashDisplayView.m */; };
		0410463418B18B24009BEE3F /* KeyboardStateListener.m in Sources */ = {isa = PBXBuildFile; fileRef = 0410463318B18B24009BEE3F /* KeyboardStateListener.m */; };
		0410463618B1A528009BEE3F /* APP_STORE_INFO in Resources */ = {isa = PBXBuildFile; fileRef = 0410463518B1A528009BEE3F /* APP_STORE_INFO */; };
		041470F2187FBB8200007425 /* Foundation.framework in Frameworks */ = {isa = PBXBuildFile; fileRef = 041470F1187FBB8200007425 /* Foundation.framework */; };
		041470F4187FBB8200007425 /* CoreGraphics.framework in Frameworks */ = {isa = PBXBuildFile; fileRef = 041470F3187FBB8200007425 /* CoreGraphics.framework */; };
		041470F6187FBB8200007425 /* UIKit.framework in Frameworks */ = {isa = PBXBuildFile; fileRef = 041470F5187FBB8200007425 /* UIKit.framework */; };
		041470FC187FBB8200007425 /* InfoPlist.strings in Resources */ = {isa = PBXBuildFile; fileRef = 041470FA187FBB8200007425 /* InfoPlist.strings */; };
		041470FE187FBB8200007425 /* main.m in Sources */ = {isa = PBXBuildFile; fileRef = 041470FD187FBB8200007425 /* main.m */; };
		04147102187FBB8200007425 /* DCMAppDelegate.m in Sources */ = {isa = PBXBuildFile; fileRef = 04147101187FBB8200007425 /* DCMAppDelegate.m */; };
		04147105187FBB8200007425 /* Main.storyboard in Resources */ = {isa = PBXBuildFile; fileRef = 04147103187FBB8200007425 /* Main.storyboard */; };
		04147108187FBB8200007425 /* DCMWalletViewController.m in Sources */ = {isa = PBXBuildFile; fileRef = 04147107187FBB8200007425 /* DCMWalletViewController.m */; };
		0414710B187FBB8200007425 /* DCMMiningPoolViewController.m in Sources */ = {isa = PBXBuildFile; fileRef = 0414710A187FBB8200007425 /* DCMMiningPoolViewController.m */; };
		0414710D187FBB8200007425 /* Images.xcassets in Resources */ = {isa = PBXBuildFile; fileRef = 0414710C187FBB8200007425 /* Images.xcassets */; };
		04147114187FBB8200007425 /* XCTest.framework in Frameworks */ = {isa = PBXBuildFile; fileRef = 04147113187FBB8200007425 /* XCTest.framework */; };
		04147115187FBB8200007425 /* Foundation.framework in Frameworks */ = {isa = PBXBuildFile; fileRef = 041470F1187FBB8200007425 /* Foundation.framework */; };
		04147116187FBB8200007425 /* UIKit.framework in Frameworks */ = {isa = PBXBuildFile; fileRef = 041470F5187FBB8200007425 /* UIKit.framework */; };
		0414711E187FBB8200007425 /* InfoPlist.strings in Resources */ = {isa = PBXBuildFile; fileRef = 0414711C187FBB8200007425 /* InfoPlist.strings */; };
		04147120187FBB8200007425 /* DogecoinManagerTests.m in Sources */ = {isa = PBXBuildFile; fileRef = 0414711F187FBB8200007425 /* DogecoinManagerTests.m */; };
		0414712B18889AF900007425 /* DCMEditWalletAddressViewController.m in Sources */ = {isa = PBXBuildFile; fileRef = 0414712A18889AF900007425 /* DCMEditWalletAddressViewController.m */; };
		0414712E1888DEDD00007425 /* DCMWallet.m in Sources */ = {isa = PBXBuildFile; fileRef = 0414712D1888DEDD00007425 /* DCMWallet.m */; };
		041471301889337200007425 /* doge.png in Resources */ = {isa = PBXBuildFile; fileRef = 0414712F1889337200007425 /* doge.png */; };
		041471361889381400007425 /* doge 640x1136.png in Resources */ = {isa = PBXBuildFile; fileRef = 041471351889381300007425 /* doge 640x1136.png */; };
		04147138188938BD00007425 /* doge 120x120.png in Resources */ = {isa = PBXBuildFile; fileRef = 04147137188938BD00007425 /* doge 120x120.png */; };
		04147140188B9F3D00007425 /* DCMMiningPool.m in Sources */ = {isa = PBXBuildFile; fileRef = 0414713F188B9F3D00007425 /* DCMMiningPool.m */; };
		04147143188BDA8B00007425 /* DCMEditMiningPoolViewController.m in Sources */ = {isa = PBXBuildFile; fileRef = 04147142188BDA8B00007425 /* DCMEditMiningPoolViewController.m */; };
		0469BF2418AA272500D8989A /* LICENSES in Resources */ = {isa = PBXBuildFile; fileRef = 0469BF2318AA272500D8989A /* LICENSES */; };
		04A4433118B334D600CED466 /* calculator tab bar icon@2x.png in Resources */ = {isa = PBXBuildFile; fileRef = 04A4433018B334D600CED466 /* calculator tab bar icon@2x.png */; };
		04A4433618BDDA4F00CED466 /* DCMMiningCalculatorViewController.m in Sources */ = {isa = PBXBuildFile; fileRef = 04A4433518BDDA4F00CED466 /* DCMMiningCalculatorViewController.m */; };
		04A4433A18BDE95A00CED466 /* DCMDogeInfoRemote.m in Sources */ = {isa = PBXBuildFile; fileRef = 04A4433918BDE95A00CED466 /* DCMDogeInfoRemote.m */; };
		04CFAD7218B3104D00DA030D /* DCMMiningCalculator.m in Sources */ = {isa = PBXBuildFile; fileRef = 04CFAD7118B3104D00DA030D /* DCMMiningCalculator.m */; };
		04D7B9BE188CCD5300113831 /* CDZQRScanningViewController.m in Sources */ = {isa = PBXBuildFile; fileRef = 04D7B9BD188CCD5300113831 /* CDZQRScanningViewController.m */; };
		04EC0EBC189DE1A4000BE0A1 /* walletD@2x.png in Resources */ = {isa = PBXBuildFile; fileRef = 04EC0EBB189DE1A4000BE0A1 /* walletD@2x.png */; };
		04EC0EBE189E6782000BE0A1 /* miningD@2x.png in Resources */ = {isa = PBXBuildFile; fileRef = 04EC0EBD189E6782000BE0A1 /* miningD@2x.png */; };
		04EC0ECE189F215E000BE0A1 /* HTProgressHUD.m in Sources */ = {isa = PBXBuildFile; fileRef = 04EC0EC1189F215E000BE0A1 /* HTProgressHUD.m */; };
		04EC0ECF189F215E000BE0A1 /* HTProgressHUDAnimation.m in Sources */ = {isa = PBXBuildFile; fileRef = 04EC0EC3189F215E000BE0A1 /* HTProgressHUDAnimation.m */; };
		04EC0ED0189F215E000BE0A1 /* HTProgressHUDFadeAnimation.m in Sources */ = {isa = PBXBuildFile; fileRef = 04EC0EC5189F215E000BE0A1 /* HTProgressHUDFadeAnimation.m */; };
		04EC0ED1189F215E000BE0A1 /* HTProgressHUDFadeZoomAnimation.m in Sources */ = {isa = PBXBuildFile; fileRef = 04EC0EC7189F215E000BE0A1 /* HTProgressHUDFadeZoomAnimation.m */; };
		04EC0ED2189F215E000BE0A1 /* HTProgressHUDIndicatorView.m in Sources */ = {isa = PBXBuildFile; fileRef = 04EC0EC9189F215E000BE0A1 /* HTProgressHUDIndicatorView.m */; };
		04EC0ED3189F215E000BE0A1 /* HTProgressHUDPieIndicatorView.m in Sources */ = {isa = PBXBuildFile; fileRef = 04EC0ECB189F215E000BE0A1 /* HTProgressHUDPieIndicatorView.m */; };
		04EC0ED4189F215E000BE0A1 /* HTProgressHUDRingIndicatorView.m in Sources */ = {isa = PBXBuildFile; fileRef = 04EC0ECD189F215E000BE0A1 /* HTProgressHUDRingIndicatorView.m */; };
/* End PBXBuildFile section */

/* Begin PBXContainerItemProxy section */
		04147117187FBB8200007425 /* PBXContainerItemProxy */ = {
			isa = PBXContainerItemProxy;
			containerPortal = 041470E6187FBB8200007425 /* Project object */;
			proxyType = 1;
			remoteGlobalIDString = 041470ED187FBB8200007425;
			remoteInfo = DogecoinManager;
		};
/* End PBXContainerItemProxy section */

/* Begin PBXFileReference section */
		040525AD188F903100BE3172 /* TODOs */ = {isa = PBXFileReference; fileEncoding = 4; lastKnownFileType = text; path = TODOs; sourceTree = "<group>"; };
		040525B2188F933300BE3172 /* DCMUtils.h */ = {isa = PBXFileReference; fileEncoding = 4; lastKnownFileType = sourcecode.c.h; path = DCMUtils.h; sourceTree = "<group>"; };
		040525B3188F933300BE3172 /* DCMUtils.m */ = {isa = PBXFileReference; fileEncoding = 4; lastKnownFileType = sourcecode.c.objc; path = DCMUtils.m; sourceTree = "<group>"; };
		0410462D18B00BC1009BEE3F /* DCMFlashDisplayView.h */ = {isa = PBXFileReference; fileEncoding = 4; lastKnownFileType = sourcecode.c.h; path = DCMFlashDisplayView.h; sourceTree = "<group>"; };
		0410462E18B00BC1009BEE3F /* DCMFlashDisplayView.m */ = {isa = PBXFileReference; fileEncoding = 4; lastKnownFileType = sourcecode.c.objc; path = DCMFlashDisplayView.m; sourceTree = "<group>"; };
		0410463218B18B24009BEE3F /* KeyboardStateListener.h */ = {isa = PBXFileReference; fileEncoding = 4; lastKnownFileType = sourcecode.c.h; path = KeyboardStateListener.h; sourceTree = "<group>"; };
		0410463318B18B24009BEE3F /* KeyboardStateListener.m */ = {isa = PBXFileReference; fileEncoding = 4; lastKnownFileType = sourcecode.c.objc; path = KeyboardStateListener.m; sourceTree = "<group>"; };
		0410463518B1A528009BEE3F /* APP_STORE_INFO */ = {isa = PBXFileReference; fileEncoding = 4; lastKnownFileType = text; path = APP_STORE_INFO; sourceTree = "<group>"; };
		041470EE187FBB8200007425 /* DogecoinManager.app */ = {isa = PBXFileReference; explicitFileType = wrapper.application; includeInIndex = 0; path = DogecoinManager.app; sourceTree = BUILT_PRODUCTS_DIR; };
		041470F1187FBB8200007425 /* Foundation.framework */ = {isa = PBXFileReference; lastKnownFileType = wrapper.framework; name = Foundation.framework; path = System/Library/Frameworks/Foundation.framework; sourceTree = SDKROOT; };
		041470F3187FBB8200007425 /* CoreGraphics.framework */ = {isa = PBXFileReference; lastKnownFileType = wrapper.framework; name = CoreGraphics.framework; path = System/Library/Frameworks/CoreGraphics.framework; sourceTree = SDKROOT; };
		041470F5187FBB8200007425 /* UIKit.framework */ = {isa = PBXFileReference; lastKnownFileType = wrapper.framework; name = UIKit.framework; path = System/Library/Frameworks/UIKit.framework; sourceTree = SDKROOT; };
		041470F9187FBB8200007425 /* DogecoinManager-Info.plist */ = {isa = PBXFileReference; lastKnownFileType = text.plist.xml; path = "DogecoinManager-Info.plist"; sourceTree = "<group>"; };
		041470FB187FBB8200007425 /* en */ = {isa = PBXFileReference; lastKnownFileType = text.plist.strings; name = en; path = en.lproj/InfoPlist.strings; sourceTree = "<group>"; };
		041470FD187FBB8200007425 /* main.m */ = {isa = PBXFileReference; lastKnownFileType = sourcecode.c.objc; path = main.m; sourceTree = "<group>"; };
		041470FF187FBB8200007425 /* DogecoinManager-Prefix.pch */ = {isa = PBXFileReference; lastKnownFileType = sourcecode.c.h; path = "DogecoinManager-Prefix.pch"; sourceTree = "<group>"; };
		04147100187FBB8200007425 /* DCMAppDelegate.h */ = {isa = PBXFileReference; lastKnownFileType = sourcecode.c.h; path = DCMAppDelegate.h; sourceTree = "<group>"; };
		04147101187FBB8200007425 /* DCMAppDelegate.m */ = {isa = PBXFileReference; lastKnownFileType = sourcecode.c.objc; path = DCMAppDelegate.m; sourceTree = "<group>"; };
		04147104187FBB8200007425 /* Base */ = {isa = PBXFileReference; lastKnownFileType = file.storyboard; name = Base; path = Base.lproj/Main.storyboard; sourceTree = "<group>"; };
		04147106187FBB8200007425 /* DCMWalletViewController.h */ = {isa = PBXFileReference; lastKnownFileType = sourcecode.c.h; path = DCMWalletViewController.h; sourceTree = "<group>"; };
		04147107187FBB8200007425 /* DCMWalletViewController.m */ = {isa = PBXFileReference; lastKnownFileType = sourcecode.c.objc; path = DCMWalletViewController.m; sourceTree = "<group>"; };
		04147109187FBB8200007425 /* DCMMiningPoolViewController.h */ = {isa = PBXFileReference; lastKnownFileType = sourcecode.c.h; path = DCMMiningPoolViewController.h; sourceTree = "<group>"; };
		0414710A187FBB8200007425 /* DCMMiningPoolViewController.m */ = {isa = PBXFileReference; lastKnownFileType = sourcecode.c.objc; path = DCMMiningPoolViewController.m; sourceTree = "<group>"; };
		0414710C187FBB8200007425 /* Images.xcassets */ = {isa = PBXFileReference; lastKnownFileType = folder.assetcatalog; path = Images.xcassets; sourceTree = "<group>"; };
		04147112187FBB8200007425 /* DogecoinManagerTests.xctest */ = {isa = PBXFileReference; explicitFileType = wrapper.cfbundle; includeInIndex = 0; path = DogecoinManagerTests.xctest; sourceTree = BUILT_PRODUCTS_DIR; };
		04147113187FBB8200007425 /* XCTest.framework */ = {isa = PBXFileReference; lastKnownFileType = wrapper.framework; name = XCTest.framework; path = Library/Frameworks/XCTest.framework; sourceTree = DEVELOPER_DIR; };
		0414711B187FBB8200007425 /* DogecoinManagerTests-Info.plist */ = {isa = PBXFileReference; lastKnownFileType = text.plist.xml; path = "DogecoinManagerTests-Info.plist"; sourceTree = "<group>"; };
		0414711D187FBB8200007425 /* en */ = {isa = PBXFileReference; lastKnownFileType = text.plist.strings; name = en; path = en.lproj/InfoPlist.strings; sourceTree = "<group>"; };
		0414711F187FBB8200007425 /* DogecoinManagerTests.m */ = {isa = PBXFileReference; lastKnownFileType = sourcecode.c.objc; path = DogecoinManagerTests.m; sourceTree = "<group>"; };
		0414712918889AF900007425 /* DCMEditWalletAddressViewController.h */ = {isa = PBXFileReference; fileEncoding = 4; lastKnownFileType = sourcecode.c.h; path = DCMEditWalletAddressViewController.h; sourceTree = "<group>"; };
		0414712A18889AF900007425 /* DCMEditWalletAddressViewController.m */ = {isa = PBXFileReference; fileEncoding = 4; lastKnownFileType = sourcecode.c.objc; path = DCMEditWalletAddressViewController.m; sourceTree = "<group>"; };
		0414712C1888DEDD00007425 /* DCMWallet.h */ = {isa = PBXFileReference; fileEncoding = 4; lastKnownFileType = sourcecode.c.h; path = DCMWallet.h; sourceTree = "<group>"; };
		0414712D1888DEDD00007425 /* DCMWallet.m */ = {isa = PBXFileReference; fileEncoding = 4; lastKnownFileType = sourcecode.c.objc; path = DCMWallet.m; sourceTree = "<group>"; };
		0414712F1889337200007425 /* doge.png */ = {isa = PBXFileReference; lastKnownFileType = image.png; path = doge.png; sourceTree = "<group>"; };
		041471351889381300007425 /* doge 640x1136.png */ = {isa = PBXFileReference; lastKnownFileType = image.png; path = "doge 640x1136.png"; sourceTree = "<group>"; };
		04147137188938BD00007425 /* doge 120x120.png */ = {isa = PBXFileReference; lastKnownFileType = image.png; path = "doge 120x120.png"; sourceTree = "<group>"; };
		0414713E188B9F3D00007425 /* DCMMiningPool.h */ = {isa = PBXFileReference; fileEncoding = 4; lastKnownFileType = sourcecode.c.h; path = DCMMiningPool.h; sourceTree = "<group>"; };
		0414713F188B9F3D00007425 /* DCMMiningPool.m */ = {isa = PBXFileReference; fileEncoding = 4; lastKnownFileType = sourcecode.c.objc; path = DCMMiningPool.m; sourceTree = "<group>"; };
		04147141188BDA8B00007425 /* DCMEditMiningPoolViewController.h */ = {isa = PBXFileReference; fileEncoding = 4; lastKnownFileType = sourcecode.c.h; path = DCMEditMiningPoolViewController.h; sourceTree = "<group>"; };
		04147142188BDA8B00007425 /* DCMEditMiningPoolViewController.m */ = {isa = PBXFileReference; fileEncoding = 4; lastKnownFileType = sourcecode.c.objc; path = DCMEditMiningPoolViewController.m; sourceTree = "<group>"; };
		0469BF2318AA272500D8989A /* LICENSES */ = {isa = PBXFileReference; fileEncoding = 4; lastKnownFileType = text; path = LICENSES; sourceTree = "<group>"; };
		04A4433018B334D600CED466 /* calculator tab bar icon@2x.png */ = {isa = PBXFileReference; lastKnownFileType = image.png; path = "calculator tab bar icon@2x.png"; sourceTree = "<group>"; };
		04A4433418BDDA4F00CED466 /* DCMMiningCalculatorViewController.h */ = {isa = PBXFileReference; fileEncoding = 4; lastKnownFileType = sourcecode.c.h; path = DCMMiningCalculatorViewController.h; sourceTree = "<group>"; };
		04A4433518BDDA4F00CED466 /* DCMMiningCalculatorViewController.m */ = {isa = PBXFileReference; fileEncoding = 4; lastKnownFileType = sourcecode.c.objc; path = DCMMiningCalculatorViewController.m; sourceTree = "<group>"; };
		04A4433818BDE95A00CED466 /* DCMDogeInfoRemote.h */ = {isa = PBXFileReference; fileEncoding = 4; lastKnownFileType = sourcecode.c.h; path = DCMDogeInfoRemote.h; sourceTree = "<group>"; };
		04A4433918BDE95A00CED466 /* DCMDogeInfoRemote.m */ = {isa = PBXFileReference; fileEncoding = 4; lastKnownFileType = sourcecode.c.objc; path = DCMDogeInfoRemote.m; sourceTree = "<group>"; };
		04CFAD7018B3104D00DA030D /* DCMMiningCalculator.h */ = {isa = PBXFileReference; fileEncoding = 4; lastKnownFileType = sourcecode.c.h; path = DCMMiningCalculator.h; sourceTree = "<group>"; };
		04CFAD7118B3104D00DA030D /* DCMMiningCalculator.m */ = {isa = PBXFileReference; fileEncoding = 4; lastKnownFileType = sourcecode.c.objc; path = DCMMiningCalculator.m; sourceTree = "<group>"; };
		04D7B9BC188CCD5300113831 /* CDZQRScanningViewController.h */ = {isa = PBXFileReference; fileEncoding = 4; lastKnownFileType = sourcecode.c.h; name = CDZQRScanningViewController.h; path = thirdparty/CDZQRScanningViewController/CDZQRScanningViewController.h; sourceTree = "<group>"; };
		04D7B9BD188CCD5300113831 /* CDZQRScanningViewController.m */ = {isa = PBXFileReference; fileEncoding = 4; lastKnownFileType = sourcecode.c.objc; name = CDZQRScanningViewController.m; path = thirdparty/CDZQRScanningViewController/CDZQRScanningViewController.m; sourceTree = "<group>"; };
		04EC0EBB189DE1A4000BE0A1 /* walletD@2x.png */ = {isa = PBXFileReference; lastKnownFileType = image.png; path = "walletD@2x.png"; sourceTree = "<group>"; };
		04EC0EBD189E6782000BE0A1 /* miningD@2x.png */ = {isa = PBXFileReference; lastKnownFileType = image.png; path = "miningD@2x.png"; sourceTree = "<group>"; };
		04EC0EC0189F215E000BE0A1 /* HTProgressHUD.h */ = {isa = PBXFileReference; fileEncoding = 4; lastKnownFileType = sourcecode.c.h; name = HTProgressHUD.h; path = thirdparty/HTProgressHUD/HTProgressHUD/HTProgressHUD.h; sourceTree = "<group>"; };
		04EC0EC1189F215E000BE0A1 /* HTProgressHUD.m */ = {isa = PBXFileReference; fileEncoding = 4; lastKnownFileType = sourcecode.c.objc; name = HTProgressHUD.m; path = thirdparty/HTProgressHUD/HTProgressHUD/HTProgressHUD.m; sourceTree = "<group>"; };
		04EC0EC2189F215E000BE0A1 /* HTProgressHUDAnimation.h */ = {isa = PBXFileReference; fileEncoding = 4; lastKnownFileType = sourcecode.c.h; name = HTProgressHUDAnimation.h; path = thirdparty/HTProgressHUD/HTProgressHUD/HTProgressHUDAnimation.h; sourceTree = "<group>"; };
		04EC0EC3189F215E000BE0A1 /* HTProgressHUDAnimation.m */ = {isa = PBXFileReference; fileEncoding = 4; lastKnownFileType = sourcecode.c.objc; name = HTProgressHUDAnimation.m; path = thirdparty/HTProgressHUD/HTProgressHUD/HTProgressHUDAnimation.m; sourceTree = "<group>"; };
		04EC0EC4189F215E000BE0A1 /* HTProgressHUDFadeAnimation.h */ = {isa = PBXFileReference; fileEncoding = 4; lastKnownFileType = sourcecode.c.h; name = HTProgressHUDFadeAnimation.h; path = thirdparty/HTProgressHUD/HTProgressHUD/HTProgressHUDFadeAnimation.h; sourceTree = "<group>"; };
		04EC0EC5189F215E000BE0A1 /* HTProgressHUDFadeAnimation.m */ = {isa = PBXFileReference; fileEncoding = 4; lastKnownFileType = sourcecode.c.objc; name = HTProgressHUDFadeAnimation.m; path = thirdparty/HTProgressHUD/HTProgressHUD/HTProgressHUDFadeAnimation.m; sourceTree = "<group>"; };
		04EC0EC6189F215E000BE0A1 /* HTProgressHUDFadeZoomAnimation.h */ = {isa = PBXFileReference; fileEncoding = 4; lastKnownFileType = sourcecode.c.h; name = HTProgressHUDFadeZoomAnimation.h; path = thirdparty/HTProgressHUD/HTProgressHUD/HTProgressHUDFadeZoomAnimation.h; sourceTree = "<group>"; };
		04EC0EC7189F215E000BE0A1 /* HTProgressHUDFadeZoomAnimation.m */ = {isa = PBXFileReference; fileEncoding = 4; lastKnownFileType = sourcecode.c.objc; name = HTProgressHUDFadeZoomAnimation.m; path = thirdparty/HTProgressHUD/HTProgressHUD/HTProgressHUDFadeZoomAnimation.m; sourceTree = "<group>"; };
		04EC0EC8189F215E000BE0A1 /* HTProgressHUDIndicatorView.h */ = {isa = PBXFileReference; fileEncoding = 4; lastKnownFileType = sourcecode.c.h; name = HTProgressHUDIndicatorView.h; path = thirdparty/HTProgressHUD/HTProgressHUD/HTProgressHUDIndicatorView.h; sourceTree = "<group>"; };
		04EC0EC9189F215E000BE0A1 /* HTProgressHUDIndicatorView.m */ = {isa = PBXFileReference; fileEncoding = 4; lastKnownFileType = sourcecode.c.objc; name = HTProgressHUDIndicatorView.m; path = thirdparty/HTProgressHUD/HTProgressHUD/HTProgressHUDIndicatorView.m; sourceTree = "<group>"; };
		04EC0ECA189F215E000BE0A1 /* HTProgressHUDPieIndicatorView.h */ = {isa = PBXFileReference; fileEncoding = 4; lastKnownFileType = sourcecode.c.h; name = HTProgressHUDPieIndicatorView.h; path = thirdparty/HTProgressHUD/HTProgressHUD/HTProgressHUDPieIndicatorView.h; sourceTree = "<group>"; };
		04EC0ECB189F215E000BE0A1 /* HTProgressHUDPieIndicatorView.m */ = {isa = PBXFileReference; fileEncoding = 4; lastKnownFileType = sourcecode.c.objc; name = HTProgressHUDPieIndicatorView.m; path = thirdparty/HTProgressHUD/HTProgressHUD/HTProgressHUDPieIndicatorView.m; sourceTree = "<group>"; };
		04EC0ECC189F215E000BE0A1 /* HTProgressHUDRingIndicatorView.h */ = {isa = PBXFileReference; fileEncoding = 4; lastKnownFileType = sourcecode.c.h; name = HTProgressHUDRingIndicatorView.h; path = thirdparty/HTProgressHUD/HTProgressHUD/HTProgressHUDRingIndicatorView.h; sourceTree = "<group>"; };
		04EC0ECD189F215E000BE0A1 /* HTProgressHUDRingIndicatorView.m */ = {isa = PBXFileReference; fileEncoding = 4; lastKnownFileType = sourcecode.c.objc; name = HTProgressHUDRingIndicatorView.m; path = thirdparty/HTProgressHUD/HTProgressHUD/HTProgressHUDRingIndicatorView.m; sourceTree = "<group>"; };
/* End PBXFileReference section */

/* Begin PBXFrameworksBuildPhase section */
		041470EB187FBB8200007425 /* Frameworks */ = {
			isa = PBXFrameworksBuildPhase;
			buildActionMask = 2147483647;
			files = (
				041470F4187FBB8200007425 /* CoreGraphics.framework in Frameworks */,
				041470F6187FBB8200007425 /* UIKit.framework in Frameworks */,
				041470F2187FBB8200007425 /* Foundation.framework in Frameworks */,
			);
			runOnlyForDeploymentPostprocessing = 0;
		};
		0414710F187FBB8200007425 /* Frameworks */ = {
			isa = PBXFrameworksBuildPhase;
			buildActionMask = 2147483647;
			files = (
				04147114187FBB8200007425 /* XCTest.framework in Frameworks */,
				04147116187FBB8200007425 /* UIKit.framework in Frameworks */,
				04147115187FBB8200007425 /* Foundation.framework in Frameworks */,
			);
			runOnlyForDeploymentPostprocessing = 0;
		};
/* End PBXFrameworksBuildPhase section */

/* Begin PBXGroup section */
		0410463018B035B2009BEE3F /* Custom Views */ = {
			isa = PBXGroup;
			children = (
				0410462D18B00BC1009BEE3F /* DCMFlashDisplayView.h */,
				0410462E18B00BC1009BEE3F /* DCMFlashDisplayView.m */,
			);
			name = "Custom Views";
			sourceTree = "<group>";
		};
		0410463118B18B24009BEE3F /* KeyboardStateListener */ = {
			isa = PBXGroup;
			children = (
				0410463218B18B24009BEE3F /* KeyboardStateListener.h */,
				0410463318B18B24009BEE3F /* KeyboardStateListener.m */,
			);
			name = KeyboardStateListener;
			path = thirdparty/KeyboardStateListener;
			sourceTree = "<group>";
		};
		041470E5187FBB8200007425 = {
			isa = PBXGroup;
			children = (
				041470F7187FBB8200007425 /* DogecoinManager */,
				04147119187FBB8200007425 /* DogecoinManagerTests */,
				041470F0187FBB8200007425 /* Frameworks */,
				041470EF187FBB8200007425 /* Products */,
			);
			sourceTree = "<group>";
		};
		041470EF187FBB8200007425 /* Products */ = {
			isa = PBXGroup;
			children = (
				041470EE187FBB8200007425 /* DogecoinManager.app */,
				04147112187FBB8200007425 /* DogecoinManagerTests.xctest */,
			);
			name = Products;
			sourceTree = "<group>";
		};
		041470F0187FBB8200007425 /* Frameworks */ = {
			isa = PBXGroup;
			children = (
				041470F1187FBB8200007425 /* Foundation.framework */,
				041470F3187FBB8200007425 /* CoreGraphics.framework */,
				041470F5187FBB8200007425 /* UIKit.framework */,
				04147113187FBB8200007425 /* XCTest.framework */,
			);
			name = Frameworks;
			sourceTree = "<group>";
		};
		041470F7187FBB8200007425 /* DogecoinManager */ = {
			isa = PBXGroup;
			children = (
				0410463518B1A528009BEE3F /* APP_STORE_INFO */,
				040525AD188F903100BE3172 /* TODOs */,
				04147103187FBB8200007425 /* Main.storyboard */,
				04D7B9BF188CCD5700113831 /* thirdparty */,
				0414713D188B655200007425 /* View Controllers */,
				0410463018B035B2009BEE3F /* Custom Views */,
				04A4433818BDE95A00CED466 /* DCMDogeInfoRemote.h */,
				04A4433918BDE95A00CED466 /* DCMDogeInfoRemote.m */,
				0414713E188B9F3D00007425 /* DCMMiningPool.h */,
				0414713F188B9F3D00007425 /* DCMMiningPool.m */,
				0414712C1888DEDD00007425 /* DCMWallet.h */,
				0414712D1888DEDD00007425 /* DCMWallet.m */,
				04CFAD7018B3104D00DA030D /* DCMMiningCalculator.h */,
				04CFAD7118B3104D00DA030D /* DCMMiningCalculator.m */,
				040525B2188F933300BE3172 /* DCMUtils.h */,
				040525B3188F933300BE3172 /* DCMUtils.m */,
				0414710C187FBB8200007425 /* Images.xcassets */,
				041470F8187FBB8200007425 /* Supporting Files */,
				04147100187FBB8200007425 /* DCMAppDelegate.h */,
				04147101187FBB8200007425 /* DCMAppDelegate.m */,
			);
			path = DogecoinManager;
			sourceTree = "<group>";
		};
		041470F8187FBB8200007425 /* Supporting Files */ = {
			isa = PBXGroup;
			children = (
				04A4433018B334D600CED466 /* calculator tab bar icon@2x.png */,
				04EC0EBD189E6782000BE0A1 /* miningD@2x.png */,
				04EC0EBB189DE1A4000BE0A1 /* walletD@2x.png */,
				0414712F1889337200007425 /* doge.png */,
				04147137188938BD00007425 /* doge 120x120.png */,
				041471351889381300007425 /* doge 640x1136.png */,
				041470F9187FBB8200007425 /* DogecoinManager-Info.plist */,
				041470FA187FBB8200007425 /* InfoPlist.strings */,
				041470FD187FBB8200007425 /* main.m */,
				041470FF187FBB8200007425 /* DogecoinManager-Prefix.pch */,
				0469BF2318AA272500D8989A /* LICENSES */,
			);
			name = "Supporting Files";
			sourceTree = "<group>";
		};
		04147119187FBB8200007425 /* DogecoinManagerTests */ = {
			isa = PBXGroup;
			children = (
				0414711F187FBB8200007425 /* DogecoinManagerTests.m */,
				0414711A187FBB8200007425 /* Supporting Files */,
			);
			path = DogecoinManagerTests;
			sourceTree = "<group>";
		};
		0414711A187FBB8200007425 /* Supporting Files */ = {
			isa = PBXGroup;
			children = (
				0414711B187FBB8200007425 /* DogecoinManagerTests-Info.plist */,
				0414711C187FBB8200007425 /* InfoPlist.strings */,
			);
			name = "Supporting Files";
			sourceTree = "<group>";
		};
		0414713D188B655200007425 /* View Controllers */ = {
			isa = PBXGroup;
			children = (
				04A4433718BDDA5400CED466 /* Mining Calculator */,
				04AE4B7718A4DECC00F2E0AA /* Mining Pool */,
				04AE4B7618A4DEBE00F2E0AA /* Wallet */,
			);
			name = "View Controllers";
			sourceTree = "<group>";
		};
		04A4433718BDDA5400CED466 /* Mining Calculator */ = {
			isa = PBXGroup;
			children = (
				04A4433418BDDA4F00CED466 /* DCMMiningCalculatorViewController.h */,
				04A4433518BDDA4F00CED466 /* DCMMiningCalculatorViewController.m */,
			);
			name = "Mining Calculator";
			sourceTree = "<group>";
		};
		04AE4B7618A4DEBE00F2E0AA /* Wallet */ = {
			isa = PBXGroup;
			children = (
				04147106187FBB8200007425 /* DCMWalletViewController.h */,
				04147107187FBB8200007425 /* DCMWalletViewController.m */,
				0414712918889AF900007425 /* DCMEditWalletAddressViewController.h */,
				0414712A18889AF900007425 /* DCMEditWalletAddressViewController.m */,
			);
			name = Wallet;
			sourceTree = "<group>";
		};
		04AE4B7718A4DECC00F2E0AA /* Mining Pool */ = {
			isa = PBXGroup;
			children = (
				04147109187FBB8200007425 /* DCMMiningPoolViewController.h */,
				0414710A187FBB8200007425 /* DCMMiningPoolViewController.m */,
				04147141188BDA8B00007425 /* DCMEditMiningPoolViewController.h */,
				04147142188BDA8B00007425 /* DCMEditMiningPoolViewController.m */,
			);
			name = "Mining Pool";
			sourceTree = "<group>";
		};
		04D7B9BF188CCD5700113831 /* thirdparty */ = {
			isa = PBXGroup;
			children = (
				0410463118B18B24009BEE3F /* KeyboardStateListener */,
				04EC0EBF189F2134000BE0A1 /* HTProgressHUD */,
				04D7B9BC188CCD5300113831 /* CDZQRScanningViewController.h */,
				04D7B9BD188CCD5300113831 /* CDZQRScanningViewController.m */,
			);
			name = thirdparty;
			sourceTree = "<group>";
		};
		04EC0EBF189F2134000BE0A1 /* HTProgressHUD */ = {
			isa = PBXGroup;
			children = (
				04EC0EC0189F215E000BE0A1 /* HTProgressHUD.h */,
				04EC0EC1189F215E000BE0A1 /* HTProgressHUD.m */,
				04EC0EC2189F215E000BE0A1 /* HTProgressHUDAnimation.h */,
				04EC0EC3189F215E000BE0A1 /* HTProgressHUDAnimation.m */,
				04EC0EC4189F215E000BE0A1 /* HTProgressHUDFadeAnimation.h */,
				04EC0EC5189F215E000BE0A1 /* HTProgressHUDFadeAnimation.m */,
				04EC0EC6189F215E000BE0A1 /* HTProgressHUDFadeZoomAnimation.h */,
				04EC0EC7189F215E000BE0A1 /* HTProgressHUDFadeZoomAnimation.m */,
				04EC0EC8189F215E000BE0A1 /* HTProgressHUDIndicatorView.h */,
				04EC0EC9189F215E000BE0A1 /* HTProgressHUDIndicatorView.m */,
				04EC0ECA189F215E000BE0A1 /* HTProgressHUDPieIndicatorView.h */,
				04EC0ECB189F215E000BE0A1 /* HTProgressHUDPieIndicatorView.m */,
				04EC0ECC189F215E000BE0A1 /* HTProgressHUDRingIndicatorView.h */,
				04EC0ECD189F215E000BE0A1 /* HTProgressHUDRingIndicatorView.m */,
			);
			name = HTProgressHUD;
			sourceTree = "<group>";
		};
/* End PBXGroup section */

/* Begin PBXNativeTarget section */
		041470ED187FBB8200007425 /* DogecoinManager */ = {
			isa = PBXNativeTarget;
			buildConfigurationList = 04147123187FBB8200007425 /* Build configuration list for PBXNativeTarget "DogecoinManager" */;
			buildPhases = (
				041470EA187FBB8200007425 /* Sources */,
				041470EB187FBB8200007425 /* Frameworks */,
				041470EC187FBB8200007425 /* Resources */,
			);
			buildRules = (
			);
			dependencies = (
			);
			name = DogecoinManager;
			productName = DogecoinManager;
			productReference = 041470EE187FBB8200007425 /* DogecoinManager.app */;
			productType = "com.apple.product-type.application";
		};
		04147111187FBB8200007425 /* DogecoinManagerTests */ = {
			isa = PBXNativeTarget;
			buildConfigurationList = 04147126187FBB8200007425 /* Build configuration list for PBXNativeTarget "DogecoinManagerTests" */;
			buildPhases = (
				0414710E187FBB8200007425 /* Sources */,
				0414710F187FBB8200007425 /* Frameworks */,
				04147110187FBB8200007425 /* Resources */,
			);
			buildRules = (
			);
			dependencies = (
				04147118187FBB8200007425 /* PBXTargetDependency */,
			);
			name = DogecoinManagerTests;
			productName = DogecoinManagerTests;
			productReference = 04147112187FBB8200007425 /* DogecoinManagerTests.xctest */;
			productType = "com.apple.product-type.bundle.unit-test";
		};
/* End PBXNativeTarget section */

/* Begin PBXProject section */
		041470E6187FBB8200007425 /* Project object */ = {
			isa = PBXProject;
			attributes = {
				CLASSPREFIX = DCM;
				LastUpgradeCheck = 0500;
				ORGANIZATIONNAME = "Paul Brinkmann";
				TargetAttributes = {
					041470ED187FBB8200007425 = {
						DevelopmentTeam = 8KAM9CU65V;
					};
					04147111187FBB8200007425 = {
						TestTargetID = 041470ED187FBB8200007425;
					};
				};
			};
			buildConfigurationList = 041470E9187FBB8200007425 /* Build configuration list for PBXProject "DogecoinManager" */;
			compatibilityVersion = "Xcode 3.2";
			developmentRegion = English;
			hasScannedForEncodings = 0;
			knownRegions = (
				en,
				Base,
			);
			mainGroup = 041470E5187FBB8200007425;
			productRefGroup = 041470EF187FBB8200007425 /* Products */;
			projectDirPath = "";
			projectRoot = "";
			targets = (
				041470ED187FBB8200007425 /* DogecoinManager */,
				04147111187FBB8200007425 /* DogecoinManagerTests */,
			);
		};
/* End PBXProject section */

/* Begin PBXResourcesBuildPhase section */
		041470EC187FBB8200007425 /* Resources */ = {
			isa = PBXResourcesBuildPhase;
			buildActionMask = 2147483647;
			files = (
				04147138188938BD00007425 /* doge 120x120.png in Resources */,
				0414710D187FBB8200007425 /* Images.xcassets in Resources */,
				041471361889381400007425 /* doge 640x1136.png in Resources */,
				04EC0EBC189DE1A4000BE0A1 /* walletD@2x.png in Resources */,
				041470FC187FBB8200007425 /* InfoPlist.strings in Resources */,
				041471301889337200007425 /* doge.png in Resources */,
				04A4433118B334D600CED466 /* calculator tab bar icon@2x.png in Resources */,
				04EC0EBE189E6782000BE0A1 /* miningD@2x.png in Resources */,
				040525AE188F903100BE3172 /* TODOs in Resources */,
				0469BF2418AA272500D8989A /* LICENSES in Resources */,
				0410463618B1A528009BEE3F /* APP_STORE_INFO in Resources */,
				04147105187FBB8200007425 /* Main.storyboard in Resources */,
			);
			runOnlyForDeploymentPostprocessing = 0;
		};
		04147110187FBB8200007425 /* Resources */ = {
			isa = PBXResourcesBuildPhase;
			buildActionMask = 2147483647;
			files = (
				0414711E187FBB8200007425 /* InfoPlist.strings in Resources */,
			);
			runOnlyForDeploymentPostprocessing = 0;
		};
/* End PBXResourcesBuildPhase section */

/* Begin PBXSourcesBuildPhase section */
		041470EA187FBB8200007425 /* Sources */ = {
			isa = PBXSourcesBuildPhase;
			buildActionMask = 2147483647;
			files = (
				040525B4188F933300BE3172 /* DCMUtils.m in Sources */,
				04EC0ED0189F215E000BE0A1 /* HTProgressHUDFadeAnimation.m in Sources */,
				04EC0ED3189F215E000BE0A1 /* HTProgressHUDPieIndicatorView.m in Sources */,
				0410463418B18B24009BEE3F /* KeyboardStateListener.m in Sources */,
				04A4433618BDDA4F00CED466 /* DCMMiningCalculatorViewController.m in Sources */,
				04CFAD7218B3104D00DA030D /* DCMMiningCalculator.m in Sources */,
				041470FE187FBB8200007425 /* main.m in Sources */,
				04147140188B9F3D00007425 /* DCMMiningPool.m in Sources */,
				04EC0ED4189F215E000BE0A1 /* HTProgressHUDRingIndicatorView.m in Sources */,
				04EC0ED2189F215E000BE0A1 /* HTProgressHUDIndicatorView.m in Sources */,
				04EC0ECE189F215E000BE0A1 /* HTProgressHUD.m in Sources */,
				0414712E1888DEDD00007425 /* DCMWallet.m in Sources */,
				0410462F18B00BC1009BEE3F /* DCMFlashDisplayView.m in Sources */,
				04147143188BDA8B00007425 /* DCMEditMiningPoolViewController.m in Sources */,
				04147102187FBB8200007425 /* DCMAppDelegate.m in Sources */,
				04A4433A18BDE95A00CED466 /* DCMDogeInfoRemote.m in Sources */,
				0414712B18889AF900007425 /* DCMEditWalletAddressViewController.m in Sources */,
				04147108187FBB8200007425 /* DCMWalletViewController.m in Sources */,
				04EC0ED1189F215E000BE0A1 /* HTProgressHUDFadeZoomAnimation.m in Sources */,
				04EC0ECF189F215E000BE0A1 /* HTProgressHUDAnimation.m in Sources */,
				0414710B187FBB8200007425 /* DCMMiningPoolViewController.m in Sources */,
				04D7B9BE188CCD5300113831 /* CDZQRScanningViewController.m in Sources */,
			);
			runOnlyForDeploymentPostprocessing = 0;
		};
		0414710E187FBB8200007425 /* Sources */ = {
			isa = PBXSourcesBuildPhase;
			buildActionMask = 2147483647;
			files = (
				04147120187FBB8200007425 /* DogecoinManagerTests.m in Sources */,
			);
			runOnlyForDeploymentPostprocessing = 0;
		};
/* End PBXSourcesBuildPhase section */

/* Begin PBXTargetDependency section */
		04147118187FBB8200007425 /* PBXTargetDependency */ = {
			isa = PBXTargetDependency;
			target = 041470ED187FBB8200007425 /* DogecoinManager */;
			targetProxy = 04147117187FBB8200007425 /* PBXContainerItemProxy */;
		};
/* End PBXTargetDependency section */

/* Begin PBXVariantGroup section */
		041470FA187FBB8200007425 /* InfoPlist.strings */ = {
			isa = PBXVariantGroup;
			children = (
				041470FB187FBB8200007425 /* en */,
			);
			name = InfoPlist.strings;
			sourceTree = "<group>";
		};
		04147103187FBB8200007425 /* Main.storyboard */ = {
			isa = PBXVariantGroup;
			children = (
				04147104187FBB8200007425 /* Base */,
			);
			name = Main.storyboard;
			sourceTree = "<group>";
		};
		0414711C187FBB8200007425 /* InfoPlist.strings */ = {
			isa = PBXVariantGroup;
			children = (
				0414711D187FBB8200007425 /* en */,
			);
			name = InfoPlist.strings;
			sourceTree = "<group>";
		};
/* End PBXVariantGroup section */

/* Begin XCBuildConfiguration section */
		04147121187FBB8200007425 /* Debug */ = {
			isa = XCBuildConfiguration;
			buildSettings = {
				ALWAYS_SEARCH_USER_PATHS = NO;
				ARCHS = "$(ARCHS_STANDARD_INCLUDING_64_BIT)";
				CLANG_CXX_LANGUAGE_STANDARD = "gnu++0x";
				CLANG_CXX_LIBRARY = "libc++";
				CLANG_ENABLE_MODULES = YES;
				CLANG_ENABLE_OBJC_ARC = YES;
				CLANG_WARN_BOOL_CONVERSION = YES;
				CLANG_WARN_CONSTANT_CONVERSION = YES;
				CLANG_WARN_DIRECT_OBJC_ISA_USAGE = YES_ERROR;
				CLANG_WARN_EMPTY_BODY = YES;
				CLANG_WARN_ENUM_CONVERSION = YES;
				CLANG_WARN_INT_CONVERSION = YES;
				CLANG_WARN_OBJC_ROOT_CLASS = YES_ERROR;
				CLANG_WARN__DUPLICATE_METHOD_MATCH = YES;
				"CODE_SIGN_IDENTITY[sdk=iphoneos*]" = "iPhone Developer";
				COPY_PHASE_STRIP = NO;
				GCC_C_LANGUAGE_STANDARD = gnu99;
				GCC_DYNAMIC_NO_PIC = NO;
				GCC_OPTIMIZATION_LEVEL = 0;
				GCC_PREPROCESSOR_DEFINITIONS = (
					"DEBUG=1",
					"$(inherited)",
				);
				GCC_SYMBOLS_PRIVATE_EXTERN = NO;
				GCC_WARN_64_TO_32_BIT_CONVERSION = YES;
				GCC_WARN_ABOUT_RETURN_TYPE = YES_ERROR;
				GCC_WARN_UNDECLARED_SELECTOR = YES;
				GCC_WARN_UNINITIALIZED_AUTOS = YES;
				GCC_WARN_UNUSED_FUNCTION = YES;
				GCC_WARN_UNUSED_VARIABLE = YES;
				IPHONEOS_DEPLOYMENT_TARGET = 7.0;
				ONLY_ACTIVE_ARCH = YES;
				SDKROOT = iphoneos;
			};
			name = Debug;
		};
		04147122187FBB8200007425 /* Release */ = {
			isa = XCBuildConfiguration;
			buildSettings = {
				ALWAYS_SEARCH_USER_PATHS = NO;
				ARCHS = "$(ARCHS_STANDARD_INCLUDING_64_BIT)";
				CLANG_CXX_LANGUAGE_STANDARD = "gnu++0x";
				CLANG_CXX_LIBRARY = "libc++";
				CLANG_ENABLE_MODULES = YES;
				CLANG_ENABLE_OBJC_ARC = YES;
				CLANG_WARN_BOOL_CONVERSION = YES;
				CLANG_WARN_CONSTANT_CONVERSION = YES;
				CLANG_WARN_DIRECT_OBJC_ISA_USAGE = YES_ERROR;
				CLANG_WARN_EMPTY_BODY = YES;
				CLANG_WARN_ENUM_CONVERSION = YES;
				CLANG_WARN_INT_CONVERSION = YES;
				CLANG_WARN_OBJC_ROOT_CLASS = YES_ERROR;
				CLANG_WARN__DUPLICATE_METHOD_MATCH = YES;
				"CODE_SIGN_IDENTITY[sdk=iphoneos*]" = "iPhone Developer";
				COPY_PHASE_STRIP = YES;
				ENABLE_NS_ASSERTIONS = NO;
				GCC_C_LANGUAGE_STANDARD = gnu99;
				GCC_WARN_64_TO_32_BIT_CONVERSION = YES;
				GCC_WARN_ABOUT_RETURN_TYPE = YES_ERROR;
				GCC_WARN_UNDECLARED_SELECTOR = YES;
				GCC_WARN_UNINITIALIZED_AUTOS = YES;
				GCC_WARN_UNUSED_FUNCTION = YES;
				GCC_WARN_UNUSED_VARIABLE = YES;
				IPHONEOS_DEPLOYMENT_TARGET = 7.0;
				SDKROOT = iphoneos;
				VALIDATE_PRODUCT = YES;
			};
			name = Release;
		};
		04147124187FBB8200007425 /* Debug */ = {
			isa = XCBuildConfiguration;
			buildSettings = {
				ASSETCATALOG_COMPILER_APPICON_NAME = AppIcon;
				ASSETCATALOG_COMPILER_LAUNCHIMAGE_NAME = LaunchImage;
				CODE_SIGN_IDENTITY = "iPhone Developer";
				"CODE_SIGN_IDENTITY[sdk=iphoneos*]" = "iPhone Developer";
				GCC_PRECOMPILE_PREFIX_HEADER = YES;
				GCC_PREFIX_HEADER = "DogecoinManager/DogecoinManager-Prefix.pch";
				INFOPLIST_FILE = "DogecoinManager/DogecoinManager-Info.plist";
				IPHONEOS_DEPLOYMENT_TARGET = 7.0;
				PRODUCT_NAME = "$(TARGET_NAME)";
				PROVISIONING_PROFILE = "631F0225-B984-42A4-931A-F3176A279124";
				TARGETED_DEVICE_FAMILY = 1;
				WRAPPER_EXTENSION = app;
			};
			name = Debug;
		};
		04147125187FBB8200007425 /* Release */ = {
			isa = XCBuildConfiguration;
			buildSettings = {
				ASSETCATALOG_COMPILER_APPICON_NAME = AppIcon;
				ASSETCATALOG_COMPILER_LAUNCHIMAGE_NAME = LaunchImage;
				CODE_SIGN_IDENTITY = "iPhone Developer";
				"CODE_SIGN_IDENTITY[sdk=iphoneos*]" = "iPhone Developer";
				GCC_PRECOMPILE_PREFIX_HEADER = YES;
				GCC_PREFIX_HEADER = "DogecoinManager/DogecoinManager-Prefix.pch";
				INFOPLIST_FILE = "DogecoinManager/DogecoinManager-Info.plist";
				IPHONEOS_DEPLOYMENT_TARGET = 7.0;
				PRODUCT_NAME = "$(TARGET_NAME)";
				PROVISIONING_PROFILE = "A6A714EC-A942-45A4-BE43-192A1D6A6D01";
				TARGETED_DEVICE_FAMILY = 1;
				WRAPPER_EXTENSION = app;
			};
			name = Release;
		};
		04147127187FBB8200007425 /* Debug */ = {
			isa = XCBuildConfiguration;
			buildSettings = {
				ARCHS = "$(ARCHS_STANDARD_INCLUDING_64_BIT)";
				BUNDLE_LOADER = "$(BUILT_PRODUCTS_DIR)/DogecoinManager.app/DogecoinManager";
				FRAMEWORK_SEARCH_PATHS = (
					"$(SDKROOT)/Developer/Library/Frameworks",
					"$(inherited)",
					"$(DEVELOPER_FRAMEWORKS_DIR)",
				);
				GCC_PRECOMPILE_PREFIX_HEADER = YES;
				GCC_PREFIX_HEADER = "DogecoinManager/DogecoinManager-Prefix.pch";
				GCC_PREPROCESSOR_DEFINITIONS = (
					"DEBUG=1",
					"$(inherited)",
				);
				INFOPLIST_FILE = "DogecoinManagerTests/DogecoinManagerTests-Info.plist";
				PRODUCT_NAME = "$(TARGET_NAME)";
				TEST_HOST = "$(BUNDLE_LOADER)";
				WRAPPER_EXTENSION = xctest;
			};
			name = Debug;
		};
		04147128187FBB8200007425 /* Release */ = {
			isa = XCBuildConfiguration;
			buildSettings = {
				ARCHS = "$(ARCHS_STANDARD_INCLUDING_64_BIT)";
				BUNDLE_LOADER = "$(BUILT_PRODUCTS_DIR)/DogecoinManager.app/DogecoinManager";
				FRAMEWORK_SEARCH_PATHS = (
					"$(SDKROOT)/Developer/Library/Frameworks",
					"$(inherited)",
					"$(DEVELOPER_FRAMEWORKS_DIR)",
				);
				GCC_PRECOMPILE_PREFIX_HEADER = YES;
				GCC_PREFIX_HEADER = "DogecoinManager/DogecoinManager-Prefix.pch";
				INFOPLIST_FILE = "DogecoinManagerTests/DogecoinManagerTests-Info.plist";
				PRODUCT_NAME = "$(TARGET_NAME)";
				TEST_HOST = "$(BUNDLE_LOADER)";
				WRAPPER_EXTENSION = xctest;
			};
			name = Release;
		};
/* End XCBuildConfiguration section */

/* Begin XCConfigurationList section */
		041470E9187FBB8200007425 /* Build configuration list for PBXProject "DogecoinManager" */ = {
			isa = XCConfigurationList;
			buildConfigurations = (
				04147121187FBB8200007425 /* Debug */,
				04147122187FBB8200007425 /* Release */,
			);
			defaultConfigurationIsVisible = 0;
			defaultConfigurationName = Release;
		};
		04147123187FBB8200007425 /* Build configuration list for PBXNativeTarget "DogecoinManager" */ = {
			isa = XCConfigurationList;
			buildConfigurations = (
				04147124187FBB8200007425 /* Debug */,
				04147125187FBB8200007425 /* Release */,
			);
			defaultConfigurationIsVisible = 0;
			defaultConfigurationName = Release;
		};
		04147126187FBB8200007425 /* Build configuration list for PBXNativeTarget "DogecoinManagerTests" */ = {
			isa = XCConfigurationList;
			buildConfigurations = (
				04147127187FBB8200007425 /* Debug */,
				04147128187FBB8200007425 /* Release */,
			);
			defaultConfigurationIsVisible = 0;
			defaultConfigurationName = Release;
		};
/* End XCConfigurationList section */
	};
	rootObject = 041470E6187FBB8200007425 /* Project object */;
}
